{
  "name": "bitcoin-rpc-promise-retry",
  "version": "1.2.1",
  "lockfileVersion": 1,
  "requires": true,
  "dependencies": {
    "bitcoind-rpc": {
      "version": "0.8.0",
      "resolved": "https://registry.npmjs.org/bitcoind-rpc/-/bitcoind-rpc-0.8.0.tgz",
      "integrity": "sha512-LAz52AjjZN2/yAdT2agDEMfEVJXcJazJm0kisShhcCJQ/NGFeKROkizGho1QHmvv/aN3bndkOM9zycMPeAa06A=="
    }
  }
}
